
Microsoft Visual Studio Solution File, Format Version 12.00
# Visual Studio Version 17
VisualStudioVersion = 17.11.35219.272
MinimumVisualStudioVersion = 10.0.40219.1
Project("{FAE04EC0-301F-11D3-BF4B-00C04F79EFBC}") = "SampleMVCProject", "SampleMVCProject\SampleMVCProject.csproj", "{88388AE9-9D5B-4872-934F-683A699A6DBE}"
EndProject
Project("{FAE04EC0-301F-11D3-BF4B-00C04F79EFBC}") = "Utility", "Utility\Utility.csproj", "{39EE02E5-5786-4C05-BE13-A9CCA941F3A8}"
EndProject
Global
	GlobalSection(SolutionConfigurationPlatforms) = preSolution
		Debug|Any CPU = Debug|Any CPU
		Release|Any CPU = Release|Any CPU
	EndGlobalSection
	GlobalSection(ProjectConfigurationPlatforms) = postSolution
		{88388AE9-9D5B-4872-934F-683A699A6DBE}.Debug|Any CPU.ActiveCfg = Debug|Any CPU
		{88388AE9-9D5B-4872-934F-683A699A6DBE}.Debug|Any CPU.Build.0 = Debug|Any CPU
		{88388AE9-9D5B-4872-934F-683A699A6DBE}.Release|Any CPU.ActiveCfg = Release|Any CPU
		{88388AE9-9D5B-4872-934F-683A699A6DBE}.Release|Any CPU.Build.0 = Release|Any CPU
		{39EE02E5-5786-4C05-BE13-A9CCA941F3A8}.Debug|Any CPU.ActiveCfg = Debug|Any CPU
		{39EE02E5-5786-4C05-BE13-A9CCA941F3A8}.Debug|Any CPU.Build.0 = Debug|Any CPU
		{39EE02E5-5786-4C05-BE13-A9CCA941F3A8}.Release|Any CPU.ActiveCfg = Release|Any CPU
		{39EE02E5-5786-4C05-BE13-A9CCA941F3A8}.Release|Any CPU.Build.0 = Release|Any CPU
	EndGlobalSection
	GlobalSection(SolutionProperties) = preSolution
		HideSolutionNode = FALSE
	EndGlobalSection
	GlobalSection(ExtensibilityGlobals) = postSolution
		SolutionGuid = {F3BFA049-9567-4C75-ACCA-B684DDEB9BBA}
	EndGlobalSection
EndGlobal
